
Microsoft Visual Studio Solution File, Format Version 12.00
# Visual Studio Version 16
VisualStudioVersion = 16.0.31727.386
MinimumVisualStudioVersion = 10.0.40219.1
Project("{9A19103F-16F7-4668-BE54-9A1E7A4F7556}") = "ServiceWebFeuilleDeTemps", "ServiceWebFeuilleDeTemps.csproj", "{2B1030F9-0CB4-49DB-8FD5-D19DCE341117}"
EndProject
Project("{D954291E-2A0B-460D-934E-DC6B0785DB48}") = "Common", "..\Commun\Common.shproj", "{E4F181F2-2484-428D-9C1A-E199B4DBD4D9}"
EndProject
Project("{9A19103F-16F7-4668-BE54-9A1E7A4F7556}") = "ServiceWebPaie", "..\ServiceWebPaie\ServiceWebPaie.csproj", "{7A9DEBB0-0DBA-4CFB-8A14-4844705F96AD}"
EndProject
Global
	GlobalSection(SharedMSBuildProjectFiles) = preSolution
		..\Commun\Commun.projitems*{2b1030f9-0cb4-49db-8fd5-d19dce341117}*SharedItemsImports = 5
		..\Commun\Commun.projitems*{7a9debb0-0dba-4cfb-8a14-4844705f96ad}*SharedItemsImports = 5
		..\Commun\Commun.projitems*{e4f181f2-2484-428d-9c1a-e199b4dbd4d9}*SharedItemsImports = 13
	EndGlobalSection
	GlobalSection(SolutionConfigurationPlatforms) = preSolution
		Debug|Any CPU = Debug|Any CPU
		Release|Any CPU = Release|Any CPU
	EndGlobalSection
	GlobalSection(ProjectConfigurationPlatforms) = postSolution
		{2B1030F9-0CB4-49DB-8FD5-D19DCE341117}.Debug|Any CPU.ActiveCfg = Debug|Any CPU
		{2B1030F9-0CB4-49DB-8FD5-D19DCE341117}.Debug|Any CPU.Build.0 = Debug|Any CPU
		{2B1030F9-0CB4-49DB-8FD5-D19DCE341117}.Release|Any CPU.ActiveCfg = Release|Any CPU
		{2B1030F9-0CB4-49DB-8FD5-D19DCE341117}.Release|Any CPU.Build.0 = Release|Any CPU
		{7A9DEBB0-0DBA-4CFB-8A14-4844705F96AD}.Debug|Any CPU.ActiveCfg = Debug|Any CPU
		{7A9DEBB0-0DBA-4CFB-8A14-4844705F96AD}.Debug|Any CPU.Build.0 = Debug|Any CPU
		{7A9DEBB0-0DBA-4CFB-8A14-4844705F96AD}.Release|Any CPU.ActiveCfg = Release|Any CPU
		{7A9DEBB0-0DBA-4CFB-8A14-4844705F96AD}.Release|Any CPU.Build.0 = Release|Any CPU
	EndGlobalSection
	GlobalSection(SolutionProperties) = preSolution
		HideSolutionNode = FALSE
	EndGlobalSection
	GlobalSection(ExtensibilityGlobals) = postSolution
		SolutionGuid = {CACCCA82-CED4-4639-B34D-FF6FF6515D5C}
	EndGlobalSection
EndGlobal
